
Microsoft Visual Studio Solution File, Format Version 12.00
# Visual Studio Version 16
VisualStudioVersion = 16.0.29911.84
MinimumVisualStudioVersion = 10.0.40219.1
Project("{9A19103F-16F7-4668-BE54-9A1E7A4F7556}") = "Teszt1", "Teszt1.csproj", "{1F33B61E-A2F5-4430-B3EA-27F139BF9680}"
EndProject
Project("{9A19103F-16F7-4668-BE54-9A1E7A4F7556}") = "beolvasasfeladat1", "..\beolvasasfeladat1\beolvasasfeladat1.csproj", "{F529BC82-E776-4B5D-B37B-195912A4971B}"
EndProject
Project("{9A19103F-16F7-4668-BE54-9A1E7A4F7556}") = "OOPalap", "..\OOPalap\OOPalap.csproj", "{3F050AF5-9632-4274-A263-1BE16F9416C8}"
EndProject
Project("{9A19103F-16F7-4668-BE54-9A1E7A4F7556}") = "OOPpoliform", "..\OOPpoliform\OOPpoliform.csproj", "{E79A6F7B-7CC4-457C-A7A4-92A4BED78756}"
EndProject
Project("{9A19103F-16F7-4668-BE54-9A1E7A4F7556}") = "szambeszor", "..\szambeszor\szambeszor.csproj", "{0332EA1C-2332-4760-8376-6D413975B334}"
EndProject
Project("{FAE04EC0-301F-11D3-BF4B-00C04F79EFBC}") = "SarokMukodik", "..\SarokMukodik\SarokMukodik.csproj", "{E48F3486-9FD3-499C-BDEA-D922254F30B8}"
EndProject
Project("{FAE04EC0-301F-11D3-BF4B-00C04F79EFBC}") = "Szoveg", "..\Szoveg\Szoveg.csproj", "{C4CB7E9B-393B-4D2E-B567-9E8B6F6C9BDA}"
EndProject
Project("{FAE04EC0-301F-11D3-BF4B-00C04F79EFBC}") = "Koordinata", "..\Koordinata\Koordinata.csproj", "{A3EBCF4D-F423-4BAC-9FC5-A1A4416992F0}"
EndProject
Project("{FAE04EC0-301F-11D3-BF4B-00C04F79EFBC}") = "FormMove", "..\FormMove\FormMove.csproj", "{9C68F1F1-0BEF-4229-92FA-06E44B09C0AC}"
EndProject
Project("{FAE04EC0-301F-11D3-BF4B-00C04F79EFBC}") = "scrollbar", "..\scrollbar\scrollbar.csproj", "{09ECFF30-EBD6-4BE9-8DFF-7E972B45613A}"
EndProject
Project("{FAE04EC0-301F-11D3-BF4B-00C04F79EFBC}") = "Korbe", "..\Korbe\Korbe.csproj", "{7FE2F890-BCB7-4C3B-B56D-B32B59DCA78D}"
EndProject
Project("{FAE04EC0-301F-11D3-BF4B-00C04F79EFBC}") = "dinamikus", "..\dinamikus\dinamikus.csproj", "{45F93342-4378-4356-82CE-B0845E0813E0}"
EndProject
Project("{FAE04EC0-301F-11D3-BF4B-00C04F79EFBC}") = "Halmazok", "..\Halmazok\Halmazok.csproj", "{F2F05A4F-C329-413A-A3BD-39B8828461A4}"
EndProject
Project("{FAE04EC0-301F-11D3-BF4B-00C04F79EFBC}") = "matrix", "..\matrix\matrix.csproj", "{20878C10-903B-4D85-BF54-AC7D35BCD436}"
EndProject
Project("{FAE04EC0-301F-11D3-BF4B-00C04F79EFBC}") = "szorzotabla", "..\szorzotabla\szorzotabla.csproj", "{5BBC5E86-D5F1-4D81-843C-13900B39C97C}"
EndProject
Project("{FAE04EC0-301F-11D3-BF4B-00C04F79EFBC}") = "lnkoeslkkt", "..\lnkoeslkkt\lnkoeslkkt.csproj", "{DA64839E-9B4A-4C80-9778-189041532187}"
EndProject
Project("{FAE04EC0-301F-11D3-BF4B-00C04F79EFBC}") = "Formaz", "..\Formaz\Formaz.csproj", "{72A167A6-5AB9-47F3-BA94-75A38200C571}"
EndProject
Project("{FAE04EC0-301F-11D3-BF4B-00C04F79EFBC}") = "JegyAr", "..\JegyAr\JegyAr.csproj", "{E30DEFB3-3968-4701-89D9-AF3AEBD0DCAA}"
EndProject
Project("{FAE04EC0-301F-11D3-BF4B-00C04F79EFBC}") = "Listak", "..\Listak\Listak.csproj", "{1F03FD06-69E1-428F-B311-CC9AA9F448C5}"
EndProject
Project("{FAE04EC0-301F-11D3-BF4B-00C04F79EFBC}") = "Szures", "..\Szures\Szures.csproj", "{1D13D5AF-BFA3-407E-A780-EDB01A97290E}"
EndProject
Project("{FAE04EC0-301F-11D3-BF4B-00C04F79EFBC}") = "Napok", "..\Napok\Napok.csproj", "{F14EBE70-0F1C-47C1-BC73-75728A507EC5}"
EndProject
Project("{FAE04EC0-301F-11D3-BF4B-00C04F79EFBC}") = "Csillagjegy", "..\Csillagjegy\Csillagjegy.csproj", "{F4D6944C-C9BB-4AD5-AECA-231FF98A94AD}"
EndProject
Project("{FAE04EC0-301F-11D3-BF4B-00C04F79EFBC}") = "Datumnoveles", "..\Datumnoveles\Datumnoveles.csproj", "{4CA60833-F2AF-4E49-9777-D338F5FD3A41}"
EndProject
Project("{FAE04EC0-301F-11D3-BF4B-00C04F79EFBC}") = "3szammuveletek", "..\3szammuveletek\3szammuveletek.csproj", "{975E9D1B-74AC-4476-BE55-1E6D2337CBE6}"
EndProject
Project("{FAE04EC0-301F-11D3-BF4B-00C04F79EFBC}") = "menumasodikfeladat", "..\menumasodikfeladat\menumasodikfeladat.csproj", "{025496A6-D6BD-4762-867C-894DC9EEDBEF}"
EndProject
Project("{FAE04EC0-301F-11D3-BF4B-00C04F79EFBC}") = "matrixfelmenu", "..\matrixfelmenu\matrixfelmenu.csproj", "{A1033726-4ABC-4546-A7BC-C28EE0D53438}"
EndProject
Project("{FAE04EC0-301F-11D3-BF4B-00C04F79EFBC}") = "Kereses", "..\Kereses\Kereses.csproj", "{6071D36E-9B55-4D28-BAA4-56FD5074736D}"
EndProject
Project("{FAE04EC0-301F-11D3-BF4B-00C04F79EFBC}") = "KepernyoFelezes", "..\KepernyoFelezes\KepernyoFelezes.csproj", "{E612678E-924F-445C-9705-972770FF4EF8}"
EndProject
Project("{FAE04EC0-301F-11D3-BF4B-00C04F79EFBC}") = "TabControl", "..\TabControl\TabControl.csproj", "{002F59B7-D047-4ACF-BF76-7E55815C8713}"
EndProject
Project("{FAE04EC0-301F-11D3-BF4B-00C04F79EFBC}") = "MatrixTabcontrol", "..\MatrixTabcontrol\MatrixTabcontrol.csproj", "{C9926267-FAA6-4EE9-BF8E-BA8884F2AFC5}"
EndProject
Project("{FAE04EC0-301F-11D3-BF4B-00C04F79EFBC}") = "Szinvalaszto", "..\Szinvalaszto\Szinvalaszto.csproj", "{7F6A0A2A-9622-4054-84E7-386721454B2F}"
EndProject
Project("{FAE04EC0-301F-11D3-BF4B-00C04F79EFBC}") = "Kep", "..\Kep\Kep.csproj", "{C5D12656-C510-4384-BE3E-FC0F0CBBF299}"
EndProject
Project("{FAE04EC0-301F-11D3-BF4B-00C04F79EFBC}") = "Szovegesfile", "..\Szovegesfile\Szovegesfile.csproj", "{4ADA2397-A236-457B-8DFD-21EFF516163E}"
EndProject
Project("{FAE04EC0-301F-11D3-BF4B-00C04F79EFBC}") = "RichtextModosit", "..\RichtextModosit\RichtextModosit.csproj", "{5DCB6706-0B7B-41E8-A09D-E919437C4A2A}"
EndProject
Project("{FAE04EC0-301F-11D3-BF4B-00C04F79EFBC}") = "ModalisForm", "..\ModalisForm\ModalisForm.csproj", "{D292CFDF-853A-4789-8290-7913E97592BC}"
EndProject
Project("{FAE04EC0-301F-11D3-BF4B-00C04F79EFBC}") = "NemModalisForm", "..\NemModalisForm\NemModalisForm.csproj", "{14F52FBC-4AB1-4919-A6EE-B5A03E4BACC4}"
EndProject
Project("{FAE04EC0-301F-11D3-BF4B-00C04F79EFBC}") = "FormHatterSzinez", "..\FormHatterSzinez\FormHatterSzinez.csproj", "{DDFF05AA-2578-4145-8A90-CBBAAA740037}"
EndProject
Project("{FAE04EC0-301F-11D3-BF4B-00C04F79EFBC}") = "ModalisFormSzambekeres", "..\ModalisFormSzambekeres\ModalisFormSzambekeres.csproj", "{E2C23170-F52A-4FB4-A155-6AFB290C89E3}"
EndProject
Project("{FAE04EC0-301F-11D3-BF4B-00C04F79EFBC}") = "ModalisKiscserkesz", "..\ModalisKiscserkesz\ModalisKiscserkesz.csproj", "{1F5A1525-E6C2-4527-8893-DABCDE732C75}"
EndProject
Project("{FAE04EC0-301F-11D3-BF4B-00C04F79EFBC}") = "Szamtipp", "..\Szamtipp\Szamtipp.csproj", "{7CDC6A1D-2D16-4678-9444-12EE240D9F09}"
EndProject
Project("{FAE04EC0-301F-11D3-BF4B-00C04F79EFBC}") = "MemoriaJatekProgram", "..\MemoriaJatekProgram\MemoriaJatekProgram.csproj", "{91F56476-8A02-4BB1-9EDD-2EB7500F6A56}"
EndProject
Global
	GlobalSection(SolutionConfigurationPlatforms) = preSolution
		Debug|Any CPU = Debug|Any CPU
		Release|Any CPU = Release|Any CPU
	EndGlobalSection
	GlobalSection(ProjectConfigurationPlatforms) = postSolution
		{1F33B61E-A2F5-4430-B3EA-27F139BF9680}.Debug|Any CPU.ActiveCfg = Debug|Any CPU
		{1F33B61E-A2F5-4430-B3EA-27F139BF9680}.Debug|Any CPU.Build.0 = Debug|Any CPU
		{1F33B61E-A2F5-4430-B3EA-27F139BF9680}.Release|Any CPU.ActiveCfg = Release|Any CPU
		{1F33B61E-A2F5-4430-B3EA-27F139BF9680}.Release|Any CPU.Build.0 = Release|Any CPU
		{F529BC82-E776-4B5D-B37B-195912A4971B}.Debug|Any CPU.ActiveCfg = Debug|Any CPU
		{F529BC82-E776-4B5D-B37B-195912A4971B}.Debug|Any CPU.Build.0 = Debug|Any CPU
		{F529BC82-E776-4B5D-B37B-195912A4971B}.Release|Any CPU.ActiveCfg = Release|Any CPU
		{F529BC82-E776-4B5D-B37B-195912A4971B}.Release|Any CPU.Build.0 = Release|Any CPU
		{3F050AF5-9632-4274-A263-1BE16F9416C8}.Debug|Any CPU.ActiveCfg = Debug|Any CPU
		{3F050AF5-9632-4274-A263-1BE16F9416C8}.Debug|Any CPU.Build.0 = Debug|Any CPU
		{3F050AF5-9632-4274-A263-1BE16F9416C8}.Release|Any CPU.ActiveCfg = Release|Any CPU
		{3F050AF5-9632-4274-A263-1BE16F9416C8}.Release|Any CPU.Build.0 = Release|Any CPU
		{E79A6F7B-7CC4-457C-A7A4-92A4BED78756}.Debug|Any CPU.ActiveCfg = Debug|Any CPU
		{E79A6F7B-7CC4-457C-A7A4-92A4BED78756}.Debug|Any CPU.Build.0 = Debug|Any CPU
		{E79A6F7B-7CC4-457C-A7A4-92A4BED78756}.Release|Any CPU.ActiveCfg = Release|Any CPU
		{E79A6F7B-7CC4-457C-A7A4-92A4BED78756}.Release|Any CPU.Build.0 = Release|Any CPU
		{0332EA1C-2332-4760-8376-6D413975B334}.Debug|Any CPU.ActiveCfg = Debug|Any CPU
		{0332EA1C-2332-4760-8376-6D413975B334}.Debug|Any CPU.Build.0 = Debug|Any CPU
		{0332EA1C-2332-4760-8376-6D413975B334}.Release|Any CPU.ActiveCfg = Release|Any CPU
		{0332EA1C-2332-4760-8376-6D413975B334}.Release|Any CPU.Build.0 = Release|Any CPU
		{E48F3486-9FD3-499C-BDEA-D922254F30B8}.Debug|Any CPU.ActiveCfg = Debug|Any CPU
		{E48F3486-9FD3-499C-BDEA-D922254F30B8}.Debug|Any CPU.Build.0 = Debug|Any CPU
		{E48F3486-9FD3-499C-BDEA-D922254F30B8}.Release|Any CPU.ActiveCfg = Release|Any CPU
		{E48F3486-9FD3-499C-BDEA-D922254F30B8}.Release|Any CPU.Build.0 = Release|Any CPU
		{C4CB7E9B-393B-4D2E-B567-9E8B6F6C9BDA}.Debug|Any CPU.ActiveCfg = Debug|Any CPU
		{C4CB7E9B-393B-4D2E-B567-9E8B6F6C9BDA}.Debug|Any CPU.Build.0 = Debug|Any CPU
		{C4CB7E9B-393B-4D2E-B567-9E8B6F6C9BDA}.Release|Any CPU.ActiveCfg = Release|Any CPU
		{C4CB7E9B-393B-4D2E-B567-9E8B6F6C9BDA}.Release|Any CPU.Build.0 = Release|Any CPU
		{A3EBCF4D-F423-4BAC-9FC5-A1A4416992F0}.Debug|Any CPU.ActiveCfg = Debug|Any CPU
		{A3EBCF4D-F423-4BAC-9FC5-A1A4416992F0}.Debug|Any CPU.Build.0 = Debug|Any CPU
		{A3EBCF4D-F423-4BAC-9FC5-A1A4416992F0}.Release|Any CPU.ActiveCfg = Release|Any CPU
		{A3EBCF4D-F423-4BAC-9FC5-A1A4416992F0}.Release|Any CPU.Build.0 = Release|Any CPU
		{9C68F1F1-0BEF-4229-92FA-06E44B09C0AC}.Debug|Any CPU.ActiveCfg = Debug|Any CPU
		{9C68F1F1-0BEF-4229-92FA-06E44B09C0AC}.Debug|Any CPU.Build.0 = Debug|Any CPU
		{9C68F1F1-0BEF-4229-92FA-06E44B09C0AC}.Release|Any CPU.ActiveCfg = Release|Any CPU
		{9C68F1F1-0BEF-4229-92FA-06E44B09C0AC}.Release|Any CPU.Build.0 = Release|Any CPU
		{09ECFF30-EBD6-4BE9-8DFF-7E972B45613A}.Debug|Any CPU.ActiveCfg = Debug|Any CPU
		{09ECFF30-EBD6-4BE9-8DFF-7E972B45613A}.Debug|Any CPU.Build.0 = Debug|Any CPU
		{09ECFF30-EBD6-4BE9-8DFF-7E972B45613A}.Release|Any CPU.ActiveCfg = Release|Any CPU
		{09ECFF30-EBD6-4BE9-8DFF-7E972B45613A}.Release|Any CPU.Build.0 = Release|Any CPU
		{7FE2F890-BCB7-4C3B-B56D-B32B59DCA78D}.Debug|Any CPU.ActiveCfg = Debug|Any CPU
		{7FE2F890-BCB7-4C3B-B56D-B32B59DCA78D}.Debug|Any CPU.Build.0 = Debug|Any CPU
		{7FE2F890-BCB7-4C3B-B56D-B32B59DCA78D}.Release|Any CPU.ActiveCfg = Release|Any CPU
		{7FE2F890-BCB7-4C3B-B56D-B32B59DCA78D}.Release|Any CPU.Build.0 = Release|Any CPU
		{45F93342-4378-4356-82CE-B0845E0813E0}.Debug|Any CPU.ActiveCfg = Debug|Any CPU
		{45F93342-4378-4356-82CE-B0845E0813E0}.Debug|Any CPU.Build.0 = Debug|Any CPU
		{45F93342-4378-4356-82CE-B0845E0813E0}.Release|Any CPU.ActiveCfg = Release|Any CPU
		{45F93342-4378-4356-82CE-B0845E0813E0}.Release|Any CPU.Build.0 = Release|Any CPU
		{F2F05A4F-C329-413A-A3BD-39B8828461A4}.Debug|Any CPU.ActiveCfg = Debug|Any CPU
		{F2F05A4F-C329-413A-A3BD-39B8828461A4}.Debug|Any CPU.Build.0 = Debug|Any CPU
		{F2F05A4F-C329-413A-A3BD-39B8828461A4}.Release|Any CPU.ActiveCfg = Release|Any CPU
		{F2F05A4F-C329-413A-A3BD-39B8828461A4}.Release|Any CPU.Build.0 = Release|Any CPU
		{20878C10-903B-4D85-BF54-AC7D35BCD436}.Debug|Any CPU.ActiveCfg = Debug|Any CPU
		{20878C10-903B-4D85-BF54-AC7D35BCD436}.Debug|Any CPU.Build.0 = Debug|Any CPU
		{20878C10-903B-4D85-BF54-AC7D35BCD436}.Release|Any CPU.ActiveCfg = Release|Any CPU
		{20878C10-903B-4D85-BF54-AC7D35BCD436}.Release|Any CPU.Build.0 = Release|Any CPU
		{5BBC5E86-D5F1-4D81-843C-13900B39C97C}.Debug|Any CPU.ActiveCfg = Debug|Any CPU
		{5BBC5E86-D5F1-4D81-843C-13900B39C97C}.Debug|Any CPU.Build.0 = Debug|Any CPU
		{5BBC5E86-D5F1-4D81-843C-13900B39C97C}.Release|Any CPU.ActiveCfg = Release|Any CPU
		{5BBC5E86-D5F1-4D81-843C-13900B39C97C}.Release|Any CPU.Build.0 = Release|Any CPU
		{DA64839E-9B4A-4C80-9778-189041532187}.Debug|Any CPU.ActiveCfg = Debug|Any CPU
		{DA64839E-9B4A-4C80-9778-189041532187}.Debug|Any CPU.Build.0 = Debug|Any CPU
		{DA64839E-9B4A-4C80-9778-189041532187}.Release|Any CPU.ActiveCfg = Release|Any CPU
		{DA64839E-9B4A-4C80-9778-189041532187}.Release|Any CPU.Build.0 = Release|Any CPU
		{72A167A6-5AB9-47F3-BA94-75A38200C571}.Debug|Any CPU.ActiveCfg = Debug|Any CPU
		{72A167A6-5AB9-47F3-BA94-75A38200C571}.Debug|Any CPU.Build.0 = Debug|Any CPU
		{72A167A6-5AB9-47F3-BA94-75A38200C571}.Release|Any CPU.ActiveCfg = Release|Any CPU
		{72A167A6-5AB9-47F3-BA94-75A38200C571}.Release|Any CPU.Build.0 = Release|Any CPU
		{E30DEFB3-3968-4701-89D9-AF3AEBD0DCAA}.Debug|Any CPU.ActiveCfg = Debug|Any CPU
		{E30DEFB3-3968-4701-89D9-AF3AEBD0DCAA}.Debug|Any CPU.Build.0 = Debug|Any CPU
		{E30DEFB3-3968-4701-89D9-AF3AEBD0DCAA}.Release|Any CPU.ActiveCfg = Release|Any CPU
		{E30DEFB3-3968-4701-89D9-AF3AEBD0DCAA}.Release|Any CPU.Build.0 = Release|Any CPU
		{1F03FD06-69E1-428F-B311-CC9AA9F448C5}.Debug|Any CPU.ActiveCfg = Debug|Any CPU
		{1F03FD06-69E1-428F-B311-CC9AA9F448C5}.Debug|Any CPU.Build.0 = Debug|Any CPU
		{1F03FD06-69E1-428F-B311-CC9AA9F448C5}.Release|Any CPU.ActiveCfg = Release|Any CPU
		{1F03FD06-69E1-428F-B311-CC9AA9F448C5}.Release|Any CPU.Build.0 = Release|Any CPU
		{1D13D5AF-BFA3-407E-A780-EDB01A97290E}.Debug|Any CPU.ActiveCfg = Debug|Any CPU
		{1D13D5AF-BFA3-407E-A780-EDB01A97290E}.Debug|Any CPU.Build.0 = Debug|Any CPU
		{1D13D5AF-BFA3-407E-A780-EDB01A97290E}.Release|Any CPU.ActiveCfg = Release|Any CPU
		{1D13D5AF-BFA3-407E-A780-EDB01A97290E}.Release|Any CPU.Build.0 = Release|Any CPU
		{F14EBE70-0F1C-47C1-BC73-75728A507EC5}.Debug|Any CPU.ActiveCfg = Debug|Any CPU
		{F14EBE70-0F1C-47C1-BC73-75728A507EC5}.Debug|Any CPU.Build.0 = Debug|Any CPU
		{F14EBE70-0F1C-47C1-BC73-75728A507EC5}.Release|Any CPU.ActiveCfg = Release|Any CPU
		{F14EBE70-0F1C-47C1-BC73-75728A507EC5}.Release|Any CPU.Build.0 = Release|Any CPU
		{F4D6944C-C9BB-4AD5-AECA-231FF98A94AD}.Debug|Any CPU.ActiveCfg = Debug|Any CPU
		{F4D6944C-C9BB-4AD5-AECA-231FF98A94AD}.Debug|Any CPU.Build.0 = Debug|Any CPU
		{F4D6944C-C9BB-4AD5-AECA-231FF98A94AD}.Release|Any CPU.ActiveCfg = Release|Any CPU
		{F4D6944C-C9BB-4AD5-AECA-231FF98A94AD}.Release|Any CPU.Build.0 = Release|Any CPU
		{4CA60833-F2AF-4E49-9777-D338F5FD3A41}.Debug|Any CPU.ActiveCfg = Debug|Any CPU
		{4CA60833-F2AF-4E49-9777-D338F5FD3A41}.Debug|Any CPU.Build.0 = Debug|Any CPU
		{4CA60833-F2AF-4E49-9777-D338F5FD3A41}.Release|Any CPU.ActiveCfg = Release|Any CPU
		{4CA60833-F2AF-4E49-9777-D338F5FD3A41}.Release|Any CPU.Build.0 = Release|Any CPU
		{975E9D1B-74AC-4476-BE55-1E6D2337CBE6}.Debug|Any CPU.ActiveCfg = Debug|Any CPU
		{975E9D1B-74AC-4476-BE55-1E6D2337CBE6}.Debug|Any CPU.Build.0 = Debug|Any CPU
		{975E9D1B-74AC-4476-BE55-1E6D2337CBE6}.Release|Any CPU.ActiveCfg = Release|Any CPU
		{975E9D1B-74AC-4476-BE55-1E6D2337CBE6}.Release|Any CPU.Build.0 = Release|Any CPU
		{025496A6-D6BD-4762-867C-894DC9EEDBEF}.Debug|Any CPU.ActiveCfg = Debug|Any CPU
		{025496A6-D6BD-4762-867C-894DC9EEDBEF}.Debug|Any CPU.Build.0 = Debug|Any CPU
		{025496A6-D6BD-4762-867C-894DC9EEDBEF}.Release|Any CPU.ActiveCfg = Release|Any CPU
		{025496A6-D6BD-4762-867C-894DC9EEDBEF}.Release|Any CPU.Build.0 = Release|Any CPU
		{A1033726-4ABC-4546-A7BC-C28EE0D53438}.Debug|Any CPU.ActiveCfg = Debug|Any CPU
		{A1033726-4ABC-4546-A7BC-C28EE0D53438}.Debug|Any CPU.Build.0 = Debug|Any CPU
		{A1033726-4ABC-4546-A7BC-C28EE0D53438}.Release|Any CPU.ActiveCfg = Release|Any CPU
		{A1033726-4ABC-4546-A7BC-C28EE0D53438}.Release|Any CPU.Build.0 = Release|Any CPU
		{6071D36E-9B55-4D28-BAA4-56FD5074736D}.Debug|Any CPU.ActiveCfg = Debug|Any CPU
		{6071D36E-9B55-4D28-BAA4-56FD5074736D}.Debug|Any CPU.Build.0 = Debug|Any CPU
		{6071D36E-9B55-4D28-BAA4-56FD5074736D}.Release|Any CPU.ActiveCfg = Release|Any CPU
		{6071D36E-9B55-4D28-BAA4-56FD5074736D}.Release|Any CPU.Build.0 = Release|Any CPU
		{E612678E-924F-445C-9705-972770FF4EF8}.Debug|Any CPU.ActiveCfg = Debug|Any CPU
		{E612678E-924F-445C-9705-972770FF4EF8}.Debug|Any CPU.Build.0 = Debug|Any CPU
		{E612678E-924F-445C-9705-972770FF4EF8}.Release|Any CPU.ActiveCfg = Release|Any CPU
		{E612678E-924F-445C-9705-972770FF4EF8}.Release|Any CPU.Build.0 = Release|Any CPU
		{002F59B7-D047-4ACF-BF76-7E55815C8713}.Debug|Any CPU.ActiveCfg = Debug|Any CPU
		{002F59B7-D047-4ACF-BF76-7E55815C8713}.Debug|Any CPU.Build.0 = Debug|Any CPU
		{002F59B7-D047-4ACF-BF76-7E55815C8713}.Release|Any CPU.ActiveCfg = Release|Any CPU
		{002F59B7-D047-4ACF-BF76-7E55815C8713}.Release|Any CPU.Build.0 = Release|Any CPU
		{C9926267-FAA6-4EE9-BF8E-BA8884F2AFC5}.Debug|Any CPU.ActiveCfg = Debug|Any CPU
		{C9926267-FAA6-4EE9-BF8E-BA8884F2AFC5}.Debug|Any CPU.Build.0 = Debug|Any CPU
		{C9926267-FAA6-4EE9-BF8E-BA8884F2AFC5}.Release|Any CPU.ActiveCfg = Release|Any CPU
		{C9926267-FAA6-4EE9-BF8E-BA8884F2AFC5}.Release|Any CPU.Build.0 = Release|Any CPU
		{7F6A0A2A-9622-4054-84E7-386721454B2F}.Debug|Any CPU.ActiveCfg = Debug|Any CPU
		{7F6A0A2A-9622-4054-84E7-386721454B2F}.Debug|Any CPU.Build.0 = Debug|Any CPU
		{7F6A0A2A-9622-4054-84E7-386721454B2F}.Release|Any CPU.ActiveCfg = Release|Any CPU
		{7F6A0A2A-9622-4054-84E7-386721454B2F}.Release|Any CPU.Build.0 = Release|Any CPU
		{C5D12656-C510-4384-BE3E-FC0F0CBBF299}.Debug|Any CPU.ActiveCfg = Debug|Any CPU
		{C5D12656-C510-4384-BE3E-FC0F0CBBF299}.Debug|Any CPU.Build.0 = Debug|Any CPU
		{C5D12656-C510-4384-BE3E-FC0F0CBBF299}.Release|Any CPU.ActiveCfg = Release|Any CPU
		{C5D12656-C510-4384-BE3E-FC0F0CBBF299}.Release|Any CPU.Build.0 = Release|Any CPU
		{4ADA2397-A236-457B-8DFD-21EFF516163E}.Debug|Any CPU.ActiveCfg = Debug|Any CPU
		{4ADA2397-A236-457B-8DFD-21EFF516163E}.Debug|Any CPU.Build.0 = Debug|Any CPU
		{4ADA2397-A236-457B-8DFD-21EFF516163E}.Release|Any CPU.ActiveCfg = Release|Any CPU
		{4ADA2397-A236-457B-8DFD-21EFF516163E}.Release|Any CPU.Build.0 = Release|Any CPU
		{5DCB6706-0B7B-41E8-A09D-E919437C4A2A}.Debug|Any CPU.ActiveCfg = Debug|Any CPU
		{5DCB6706-0B7B-41E8-A09D-E919437C4A2A}.Debug|Any CPU.Build.0 = Debug|Any CPU
		{5DCB6706-0B7B-41E8-A09D-E919437C4A2A}.Release|Any CPU.ActiveCfg = Release|Any CPU
		{5DCB6706-0B7B-41E8-A09D-E919437C4A2A}.Release|Any CPU.Build.0 = Release|Any CPU
		{D292CFDF-853A-4789-8290-7913E97592BC}.Debug|Any CPU.ActiveCfg = Debug|Any CPU
		{D292CFDF-853A-4789-8290-7913E97592BC}.Debug|Any CPU.Build.0 = Debug|Any CPU
		{D292CFDF-853A-4789-8290-7913E97592BC}.Release|Any CPU.ActiveCfg = Release|Any CPU
		{D292CFDF-853A-4789-8290-7913E97592BC}.Release|Any CPU.Build.0 = Release|Any CPU
		{14F52FBC-4AB1-4919-A6EE-B5A03E4BACC4}.Debug|Any CPU.ActiveCfg = Debug|Any CPU
		{14F52FBC-4AB1-4919-A6EE-B5A03E4BACC4}.Debug|Any CPU.Build.0 = Debug|Any CPU
		{14F52FBC-4AB1-4919-A6EE-B5A03E4BACC4}.Release|Any CPU.ActiveCfg = Release|Any CPU
		{14F52FBC-4AB1-4919-A6EE-B5A03E4BACC4}.Release|Any CPU.Build.0 = Release|Any CPU
		{DDFF05AA-2578-4145-8A90-CBBAAA740037}.Debug|Any CPU.ActiveCfg = Debug|Any CPU
		{DDFF05AA-2578-4145-8A90-CBBAAA740037}.Debug|Any CPU.Build.0 = Debug|Any CPU
		{DDFF05AA-2578-4145-8A90-CBBAAA740037}.Release|Any CPU.ActiveCfg = Release|Any CPU
		{DDFF05AA-2578-4145-8A90-CBBAAA740037}.Release|Any CPU.Build.0 = Release|Any CPU
		{E2C23170-F52A-4FB4-A155-6AFB290C89E3}.Debug|Any CPU.ActiveCfg = Debug|Any CPU
		{E2C23170-F52A-4FB4-A155-6AFB290C89E3}.Debug|Any CPU.Build.0 = Debug|Any CPU
		{E2C23170-F52A-4FB4-A155-6AFB290C89E3}.Release|Any CPU.ActiveCfg = Release|Any CPU
		{E2C23170-F52A-4FB4-A155-6AFB290C89E3}.Release|Any CPU.Build.0 = Release|Any CPU
		{1F5A1525-E6C2-4527-8893-DABCDE732C75}.Debug|Any CPU.ActiveCfg = Debug|Any CPU
		{1F5A1525-E6C2-4527-8893-DABCDE732C75}.Debug|Any CPU.Build.0 = Debug|Any CPU
		{1F5A1525-E6C2-4527-8893-DABCDE732C75}.Release|Any CPU.ActiveCfg = Release|Any CPU
		{1F5A1525-E6C2-4527-8893-DABCDE732C75}.Release|Any CPU.Build.0 = Release|Any CPU
		{7CDC6A1D-2D16-4678-9444-12EE240D9F09}.Debug|Any CPU.ActiveCfg = Debug|Any CPU
		{7CDC6A1D-2D16-4678-9444-12EE240D9F09}.Debug|Any CPU.Build.0 = Debug|Any CPU
		{7CDC6A1D-2D16-4678-9444-12EE240D9F09}.Release|Any CPU.ActiveCfg = Release|Any CPU
		{7CDC6A1D-2D16-4678-9444-12EE240D9F09}.Release|Any CPU.Build.0 = Release|Any CPU
		{91F56476-8A02-4BB1-9EDD-2EB7500F6A56}.Debug|Any CPU.ActiveCfg = Debug|Any CPU
		{91F56476-8A02-4BB1-9EDD-2EB7500F6A56}.Debug|Any CPU.Build.0 = Debug|Any CPU
		{91F56476-8A02-4BB1-9EDD-2EB7500F6A56}.Release|Any CPU.ActiveCfg = Release|Any CPU
		{91F56476-8A02-4BB1-9EDD-2EB7500F6A56}.Release|Any CPU.Build.0 = Release|Any CPU
	EndGlobalSection
	GlobalSection(SolutionProperties) = preSolution
		HideSolutionNode = FALSE
	EndGlobalSection
	GlobalSection(ExtensibilityGlobals) = postSolution
		SolutionGuid = {E3CD41A5-F93C-4DC0-92B0-579BC030604C}
	EndGlobalSection
EndGlobal
